
Microsoft Visual Studio Solution File, Format Version 12.00
# Visual Studio Version 17
VisualStudioVersion = 17.7.34031.279
MinimumVisualStudioVersion = 10.0.40219.1
Project("{FAE04EC0-301F-11D3-BF4B-00C04F79EFBC}") = "02_Interfaces", "02_Interfaces\02_Interfaces.csproj", "{BA561CB3-C208-4E5D-8E47-6C7253246066}"
EndProject
Project("{FAE04EC0-301F-11D3-BF4B-00C04F79EFBC}") = "03IEnumerableParte01", "03IEnumerableParte01\03IEnumerableParte01.csproj", "{B319B5F8-999D-4A0E-A821-A1720126D459}"
EndProject
Project("{FAE04EC0-301F-11D3-BF4B-00C04F79EFBC}") = "04IEnumerableparte02", "04IEnumerableparte02\04IEnumerableparte02.csproj", "{277A328C-5DF0-49A3-971B-7AB4B241A937}"
EndProject
Project("{FAE04EC0-301F-11D3-BF4B-00C04F79EFBC}") = "05_ICloneable", "05_ICloneable\05_ICloneable.csproj", "{01BBE6FD-2C77-4F2D-9B94-E2E7A75996CF}"
EndProject
Project("{FAE04EC0-301F-11D3-BF4B-00C04F79EFBC}") = "06_IComparable", "06_IComparable\06_IComparable.csproj", "{ED03E8FD-5951-4E78-97BE-588AA2F69E92}"
EndProject
Project("{FAE04EC0-301F-11D3-BF4B-00C04F79EFBC}") = "07_CallBack1", "07_CallBack1\07_CallBack1.csproj", "{CB358BC3-794C-4026-A1B5-6B3C4714B3CD}"
EndProject
Project("{FAE04EC0-301F-11D3-BF4B-00C04F79EFBC}") = "08_CallBack2", "08_CallBack2\08_CallBack2.csproj", "{69E36805-2201-4716-BEB1-6290D6944ED4}"
EndProject
Project("{FAE04EC0-301F-11D3-BF4B-00C04F79EFBC}") = "09_Delegados1", "09_Delegados1\09_Delegados1.csproj", "{FF2EA66E-2B7C-41EE-9341-1CFCE097C241}"
EndProject
Project("{FAE04EC0-301F-11D3-BF4B-00C04F79EFBC}") = "10_Delegados2", "10_Delegados2\10_Delegados2.csproj", "{8B55C791-461E-47AD-B2B5-06BC298B27E3}"
EndProject
Project("{FAE04EC0-301F-11D3-BF4B-00C04F79EFBC}") = "11_Delegados3", "11_Delegados3\11_Delegados3.csproj", "{975CA5DD-75F8-489B-9820-727BD7FA05CE}"
EndProject
Project("{FAE04EC0-301F-11D3-BF4B-00C04F79EFBC}") = "12_Indexer", "12_Indexer\12_Indexer.csproj", "{A591A48B-5227-44B5-91D2-BB8A8533AC97}"
EndProject
Project("{FAE04EC0-301F-11D3-BF4B-00C04F79EFBC}") = "13_SobrecargaBinarios", "13_SobrecargaBinarios\13_SobrecargaBinarios.csproj", "{5CCD999D-18C2-4ABE-A4A4-DB5282ECA210}"
EndProject
Project("{FAE04EC0-301F-11D3-BF4B-00C04F79EFBC}") = "14_SobrecargaBinarios2", "14_SobrecargaBinarios2\14_SobrecargaBinarios2.csproj", "{F2EEE1A0-3E5B-4419-B0F0-375B42AFC4E1}"
EndProject
Project("{FAE04EC0-301F-11D3-BF4B-00C04F79EFBC}") = "15_SobrecargaUnuarios", "15_SobrecargaUnuarios\15_SobrecargaUnuarios.csproj", "{99203A6A-FCD5-4E26-BFAF-08FA979AB993}"
EndProject
Project("{FAE04EC0-301F-11D3-BF4B-00C04F79EFBC}") = "16_SobrecargaComparacion", "16_SobrecargaComparacion\16_SobrecargaComparacion.csproj", "{AB2F669A-4C8E-45A9-80A3-5A509637235B}"
EndProject
Project("{FAE04EC0-301F-11D3-BF4B-00C04F79EFBC}") = "17_SerializacionBinaria", "17_SerializacionBinaria\17_SerializacionBinaria.csproj", "{513224DF-E294-4FBA-BA78-9D43946BF92E}"
EndProject
Project("{FAE04EC0-301F-11D3-BF4B-00C04F79EFBC}") = "18_Serializacion_SOAP_XML", "18_Serializacion_SOAP_XML\18_Serializacion_SOAP_XML.csproj", "{690D7CD3-865F-4B8A-8741-C6902A73F3C7}"
EndProject
Project("{FAE04EC0-301F-11D3-BF4B-00C04F79EFBC}") = "19-serializacion-con-composicion", "19-serializacion-con-composicion\19-serializacion-con-composicion.csproj", "{CBECDE03-A05D-4004-A338-75A2F9FDADE8}"
EndProject
Project("{FAE04EC0-301F-11D3-BF4B-00C04F79EFBC}") = "19-serializacion-con-composicion-xml", "19-serializacion-con-composicion-xml\19-serializacion-con-composicion-xml.csproj", "{151CC553-2382-42F0-B9E8-E31CB89EE698}"
EndProject
Project("{FAE04EC0-301F-11D3-BF4B-00C04F79EFBC}") = "20-archivos", "20-archivos\20-archivos.csproj", "{1D7C6CFC-D383-460F-853D-DCAE19ED2508}"
EndProject
Project("{FAE04EC0-301F-11D3-BF4B-00C04F79EFBC}") = "21-stream-flujos", "21-stream-flujos\21-stream-flujos.csproj", "{915F90FD-8147-408F-8DD7-925F9F86CEF7}"
EndProject
Project("{FAE04EC0-301F-11D3-BF4B-00C04F79EFBC}") = "22-parametros-nombrados-opcionales", "22-parametros-nombrados-opcionales\22-parametros-nombrados-opcionales.csproj", "{EC39B7D5-C228-4D67-A964-7A096BA38ED2}"
EndProject
Global
	GlobalSection(SolutionConfigurationPlatforms) = preSolution
		Debug|Any CPU = Debug|Any CPU
		Release|Any CPU = Release|Any CPU
	EndGlobalSection
	GlobalSection(ProjectConfigurationPlatforms) = postSolution
		{BA561CB3-C208-4E5D-8E47-6C7253246066}.Debug|Any CPU.ActiveCfg = Debug|Any CPU
		{BA561CB3-C208-4E5D-8E47-6C7253246066}.Debug|Any CPU.Build.0 = Debug|Any CPU
		{BA561CB3-C208-4E5D-8E47-6C7253246066}.Release|Any CPU.ActiveCfg = Release|Any CPU
		{BA561CB3-C208-4E5D-8E47-6C7253246066}.Release|Any CPU.Build.0 = Release|Any CPU
		{B319B5F8-999D-4A0E-A821-A1720126D459}.Debug|Any CPU.ActiveCfg = Debug|Any CPU
		{B319B5F8-999D-4A0E-A821-A1720126D459}.Debug|Any CPU.Build.0 = Debug|Any CPU
		{B319B5F8-999D-4A0E-A821-A1720126D459}.Release|Any CPU.ActiveCfg = Release|Any CPU
		{B319B5F8-999D-4A0E-A821-A1720126D459}.Release|Any CPU.Build.0 = Release|Any CPU
		{277A328C-5DF0-49A3-971B-7AB4B241A937}.Debug|Any CPU.ActiveCfg = Debug|Any CPU
		{277A328C-5DF0-49A3-971B-7AB4B241A937}.Debug|Any CPU.Build.0 = Debug|Any CPU
		{277A328C-5DF0-49A3-971B-7AB4B241A937}.Release|Any CPU.ActiveCfg = Release|Any CPU
		{277A328C-5DF0-49A3-971B-7AB4B241A937}.Release|Any CPU.Build.0 = Release|Any CPU
		{01BBE6FD-2C77-4F2D-9B94-E2E7A75996CF}.Debug|Any CPU.ActiveCfg = Debug|Any CPU
		{01BBE6FD-2C77-4F2D-9B94-E2E7A75996CF}.Debug|Any CPU.Build.0 = Debug|Any CPU
		{01BBE6FD-2C77-4F2D-9B94-E2E7A75996CF}.Release|Any CPU.ActiveCfg = Release|Any CPU
		{01BBE6FD-2C77-4F2D-9B94-E2E7A75996CF}.Release|Any CPU.Build.0 = Release|Any CPU
		{ED03E8FD-5951-4E78-97BE-588AA2F69E92}.Debug|Any CPU.ActiveCfg = Debug|Any CPU
		{ED03E8FD-5951-4E78-97BE-588AA2F69E92}.Debug|Any CPU.Build.0 = Debug|Any CPU
		{ED03E8FD-5951-4E78-97BE-588AA2F69E92}.Release|Any CPU.ActiveCfg = Release|Any CPU
		{ED03E8FD-5951-4E78-97BE-588AA2F69E92}.Release|Any CPU.Build.0 = Release|Any CPU
		{CB358BC3-794C-4026-A1B5-6B3C4714B3CD}.Debug|Any CPU.ActiveCfg = Debug|Any CPU
		{CB358BC3-794C-4026-A1B5-6B3C4714B3CD}.Debug|Any CPU.Build.0 = Debug|Any CPU
		{CB358BC3-794C-4026-A1B5-6B3C4714B3CD}.Release|Any CPU.ActiveCfg = Release|Any CPU
		{CB358BC3-794C-4026-A1B5-6B3C4714B3CD}.Release|Any CPU.Build.0 = Release|Any CPU
		{69E36805-2201-4716-BEB1-6290D6944ED4}.Debug|Any CPU.ActiveCfg = Debug|Any CPU
		{69E36805-2201-4716-BEB1-6290D6944ED4}.Debug|Any CPU.Build.0 = Debug|Any CPU
		{69E36805-2201-4716-BEB1-6290D6944ED4}.Release|Any CPU.ActiveCfg = Release|Any CPU
		{69E36805-2201-4716-BEB1-6290D6944ED4}.Release|Any CPU.Build.0 = Release|Any CPU
		{FF2EA66E-2B7C-41EE-9341-1CFCE097C241}.Debug|Any CPU.ActiveCfg = Debug|Any CPU
		{FF2EA66E-2B7C-41EE-9341-1CFCE097C241}.Debug|Any CPU.Build.0 = Debug|Any CPU
		{FF2EA66E-2B7C-41EE-9341-1CFCE097C241}.Release|Any CPU.ActiveCfg = Release|Any CPU
		{FF2EA66E-2B7C-41EE-9341-1CFCE097C241}.Release|Any CPU.Build.0 = Release|Any CPU
		{8B55C791-461E-47AD-B2B5-06BC298B27E3}.Debug|Any CPU.ActiveCfg = Debug|Any CPU
		{8B55C791-461E-47AD-B2B5-06BC298B27E3}.Debug|Any CPU.Build.0 = Debug|Any CPU
		{8B55C791-461E-47AD-B2B5-06BC298B27E3}.Release|Any CPU.ActiveCfg = Release|Any CPU
		{8B55C791-461E-47AD-B2B5-06BC298B27E3}.Release|Any CPU.Build.0 = Release|Any CPU
		{975CA5DD-75F8-489B-9820-727BD7FA05CE}.Debug|Any CPU.ActiveCfg = Debug|Any CPU
		{975CA5DD-75F8-489B-9820-727BD7FA05CE}.Debug|Any CPU.Build.0 = Debug|Any CPU
		{975CA5DD-75F8-489B-9820-727BD7FA05CE}.Release|Any CPU.ActiveCfg = Release|Any CPU
		{975CA5DD-75F8-489B-9820-727BD7FA05CE}.Release|Any CPU.Build.0 = Release|Any CPU
		{A591A48B-5227-44B5-91D2-BB8A8533AC97}.Debug|Any CPU.ActiveCfg = Debug|Any CPU
		{A591A48B-5227-44B5-91D2-BB8A8533AC97}.Debug|Any CPU.Build.0 = Debug|Any CPU
		{A591A48B-5227-44B5-91D2-BB8A8533AC97}.Release|Any CPU.ActiveCfg = Release|Any CPU
		{A591A48B-5227-44B5-91D2-BB8A8533AC97}.Release|Any CPU.Build.0 = Release|Any CPU
		{5CCD999D-18C2-4ABE-A4A4-DB5282ECA210}.Debug|Any CPU.ActiveCfg = Debug|Any CPU
		{5CCD999D-18C2-4ABE-A4A4-DB5282ECA210}.Debug|Any CPU.Build.0 = Debug|Any CPU
		{5CCD999D-18C2-4ABE-A4A4-DB5282ECA210}.Release|Any CPU.ActiveCfg = Release|Any CPU
		{5CCD999D-18C2-4ABE-A4A4-DB5282ECA210}.Release|Any CPU.Build.0 = Release|Any CPU
		{F2EEE1A0-3E5B-4419-B0F0-375B42AFC4E1}.Debug|Any CPU.ActiveCfg = Debug|Any CPU
		{F2EEE1A0-3E5B-4419-B0F0-375B42AFC4E1}.Debug|Any CPU.Build.0 = Debug|Any CPU
		{F2EEE1A0-3E5B-4419-B0F0-375B42AFC4E1}.Release|Any CPU.ActiveCfg = Release|Any CPU
		{F2EEE1A0-3E5B-4419-B0F0-375B42AFC4E1}.Release|Any CPU.Build.0 = Release|Any CPU
		{99203A6A-FCD5-4E26-BFAF-08FA979AB993}.Debug|Any CPU.ActiveCfg = Debug|Any CPU
		{99203A6A-FCD5-4E26-BFAF-08FA979AB993}.Debug|Any CPU.Build.0 = Debug|Any CPU
		{99203A6A-FCD5-4E26-BFAF-08FA979AB993}.Release|Any CPU.ActiveCfg = Release|Any CPU
		{99203A6A-FCD5-4E26-BFAF-08FA979AB993}.Release|Any CPU.Build.0 = Release|Any CPU
		{AB2F669A-4C8E-45A9-80A3-5A509637235B}.Debug|Any CPU.ActiveCfg = Debug|Any CPU
		{AB2F669A-4C8E-45A9-80A3-5A509637235B}.Debug|Any CPU.Build.0 = Debug|Any CPU
		{AB2F669A-4C8E-45A9-80A3-5A509637235B}.Release|Any CPU.ActiveCfg = Release|Any CPU
		{AB2F669A-4C8E-45A9-80A3-5A509637235B}.Release|Any CPU.Build.0 = Release|Any CPU
		{513224DF-E294-4FBA-BA78-9D43946BF92E}.Debug|Any CPU.ActiveCfg = Debug|Any CPU
		{513224DF-E294-4FBA-BA78-9D43946BF92E}.Debug|Any CPU.Build.0 = Debug|Any CPU
		{513224DF-E294-4FBA-BA78-9D43946BF92E}.Release|Any CPU.ActiveCfg = Release|Any CPU
		{513224DF-E294-4FBA-BA78-9D43946BF92E}.Release|Any CPU.Build.0 = Release|Any CPU
		{690D7CD3-865F-4B8A-8741-C6902A73F3C7}.Debug|Any CPU.ActiveCfg = Debug|Any CPU
		{690D7CD3-865F-4B8A-8741-C6902A73F3C7}.Debug|Any CPU.Build.0 = Debug|Any CPU
		{690D7CD3-865F-4B8A-8741-C6902A73F3C7}.Release|Any CPU.ActiveCfg = Release|Any CPU
		{690D7CD3-865F-4B8A-8741-C6902A73F3C7}.Release|Any CPU.Build.0 = Release|Any CPU
		{CBECDE03-A05D-4004-A338-75A2F9FDADE8}.Debug|Any CPU.ActiveCfg = Debug|Any CPU
		{CBECDE03-A05D-4004-A338-75A2F9FDADE8}.Debug|Any CPU.Build.0 = Debug|Any CPU
		{CBECDE03-A05D-4004-A338-75A2F9FDADE8}.Release|Any CPU.ActiveCfg = Release|Any CPU
		{CBECDE03-A05D-4004-A338-75A2F9FDADE8}.Release|Any CPU.Build.0 = Release|Any CPU
		{151CC553-2382-42F0-B9E8-E31CB89EE698}.Debug|Any CPU.ActiveCfg = Debug|Any CPU
		{151CC553-2382-42F0-B9E8-E31CB89EE698}.Debug|Any CPU.Build.0 = Debug|Any CPU
		{151CC553-2382-42F0-B9E8-E31CB89EE698}.Release|Any CPU.ActiveCfg = Release|Any CPU
		{151CC553-2382-42F0-B9E8-E31CB89EE698}.Release|Any CPU.Build.0 = Release|Any CPU
		{1D7C6CFC-D383-460F-853D-DCAE19ED2508}.Debug|Any CPU.ActiveCfg = Debug|Any CPU
		{1D7C6CFC-D383-460F-853D-DCAE19ED2508}.Debug|Any CPU.Build.0 = Debug|Any CPU
		{1D7C6CFC-D383-460F-853D-DCAE19ED2508}.Release|Any CPU.ActiveCfg = Release|Any CPU
		{1D7C6CFC-D383-460F-853D-DCAE19ED2508}.Release|Any CPU.Build.0 = Release|Any CPU
		{915F90FD-8147-408F-8DD7-925F9F86CEF7}.Debug|Any CPU.ActiveCfg = Debug|Any CPU
		{915F90FD-8147-408F-8DD7-925F9F86CEF7}.Debug|Any CPU.Build.0 = Debug|Any CPU
		{915F90FD-8147-408F-8DD7-925F9F86CEF7}.Release|Any CPU.ActiveCfg = Release|Any CPU
		{915F90FD-8147-408F-8DD7-925F9F86CEF7}.Release|Any CPU.Build.0 = Release|Any CPU
		{EC39B7D5-C228-4D67-A964-7A096BA38ED2}.Debug|Any CPU.ActiveCfg = Debug|Any CPU
		{EC39B7D5-C228-4D67-A964-7A096BA38ED2}.Debug|Any CPU.Build.0 = Debug|Any CPU
		{EC39B7D5-C228-4D67-A964-7A096BA38ED2}.Release|Any CPU.ActiveCfg = Release|Any CPU
		{EC39B7D5-C228-4D67-A964-7A096BA38ED2}.Release|Any CPU.Build.0 = Release|Any CPU
	EndGlobalSection
	GlobalSection(SolutionProperties) = preSolution
		HideSolutionNode = FALSE
	EndGlobalSection
	GlobalSection(ExtensibilityGlobals) = postSolution
		SolutionGuid = {0BAEBEF1-3A4E-452A-9F2C-3174DC457CE6}
	EndGlobalSection
EndGlobal
