
Microsoft Visual Studio Solution File, Format Version 12.00
# Visual Studio Version 17
VisualStudioVersion = 17.7.34031.279
MinimumVisualStudioVersion = 10.0.40219.1
Project("{FAE04EC0-301F-11D3-BF4B-00C04F79EFBC}") = "02_Interfaces", "02_Interfaces\02_Interfaces.csproj", "{BA561CB3-C208-4E5D-8E47-6C7253246066}"
EndProject
Project("{FAE04EC0-301F-11D3-BF4B-00C04F79EFBC}") = "03IEnumerableParte01", "03IEnumerableParte01\03IEnumerableParte01.csproj", "{B319B5F8-999D-4A0E-A821-A1720126D459}"
EndProject
Project("{FAE04EC0-301F-11D3-BF4B-00C04F79EFBC}") = "04IEnumerableparte02", "04IEnumerableparte02\04IEnumerableparte02.csproj", "{277A328C-5DF0-49A3-971B-7AB4B241A937}"
EndProject
Project("{FAE04EC0-301F-11D3-BF4B-00C04F79EFBC}") = "05_ICloneable", "05_ICloneable\05_ICloneable.csproj", "{01BBE6FD-2C77-4F2D-9B94-E2E7A75996CF}"
EndProject
Global
	GlobalSection(SolutionConfigurationPlatforms) = preSolution
		Debug|Any CPU = Debug|Any CPU
		Release|Any CPU = Release|Any CPU
	EndGlobalSection
	GlobalSection(ProjectConfigurationPlatforms) = postSolution
		{BA561CB3-C208-4E5D-8E47-6C7253246066}.Debug|Any CPU.ActiveCfg = Debug|Any CPU
		{BA561CB3-C208-4E5D-8E47-6C7253246066}.Debug|Any CPU.Build.0 = Debug|Any CPU
		{BA561CB3-C208-4E5D-8E47-6C7253246066}.Release|Any CPU.ActiveCfg = Release|Any CPU
		{BA561CB3-C208-4E5D-8E47-6C7253246066}.Release|Any CPU.Build.0 = Release|Any CPU
		{B319B5F8-999D-4A0E-A821-A1720126D459}.Debug|Any CPU.ActiveCfg = Debug|Any CPU
		{B319B5F8-999D-4A0E-A821-A1720126D459}.Debug|Any CPU.Build.0 = Debug|Any CPU
		{B319B5F8-999D-4A0E-A821-A1720126D459}.Release|Any CPU.ActiveCfg = Release|Any CPU
		{B319B5F8-999D-4A0E-A821-A1720126D459}.Release|Any CPU.Build.0 = Release|Any CPU
		{277A328C-5DF0-49A3-971B-7AB4B241A937}.Debug|Any CPU.ActiveCfg = Debug|Any CPU
		{277A328C-5DF0-49A3-971B-7AB4B241A937}.Debug|Any CPU.Build.0 = Debug|Any CPU
		{277A328C-5DF0-49A3-971B-7AB4B241A937}.Release|Any CPU.ActiveCfg = Release|Any CPU
		{277A328C-5DF0-49A3-971B-7AB4B241A937}.Release|Any CPU.Build.0 = Release|Any CPU
		{01BBE6FD-2C77-4F2D-9B94-E2E7A75996CF}.Debug|Any CPU.ActiveCfg = Debug|Any CPU
		{01BBE6FD-2C77-4F2D-9B94-E2E7A75996CF}.Debug|Any CPU.Build.0 = Debug|Any CPU
		{01BBE6FD-2C77-4F2D-9B94-E2E7A75996CF}.Release|Any CPU.ActiveCfg = Release|Any CPU
		{01BBE6FD-2C77-4F2D-9B94-E2E7A75996CF}.Release|Any CPU.Build.0 = Release|Any CPU
	EndGlobalSection
	GlobalSection(SolutionProperties) = preSolution
		HideSolutionNode = FALSE
	EndGlobalSection
	GlobalSection(ExtensibilityGlobals) = postSolution
		SolutionGuid = {0BAEBEF1-3A4E-452A-9F2C-3174DC457CE6}
	EndGlobalSection
EndGlobal
